
Microsoft Visual Studio Solution File, Format Version 12.00
# Visual Studio Version 17
VisualStudioVersion = 17.1.32421.90
MinimumVisualStudioVersion = 10.0.40219.1
Project("{FAE04EC0-301F-11D3-BF4B-00C04F79EFBC}") = "SpringCoAccountAPI", "SpringCoAccountAPI.csproj", "{00FFF05D-6B13-4541-B8EB-BAF9445135C8}"
EndProject
Global
	GlobalSection(SolutionConfigurationPlatforms) = preSolution
		Debug|Any CPU = Debug|Any CPU
		Release|Any CPU = Release|Any CPU
	EndGlobalSection
	GlobalSection(ProjectConfigurationPlatforms) = postSolution
		{00FFF05D-6B13-4541-B8EB-BAF9445135C8}.Debug|Any CPU.ActiveCfg = Debug|Any CPU
		{00FFF05D-6B13-4541-B8EB-BAF9445135C8}.Debug|Any CPU.Build.0 = Debug|Any CPU
		{00FFF05D-6B13-4541-B8EB-BAF9445135C8}.Release|Any CPU.ActiveCfg = Release|Any CPU
		{00FFF05D-6B13-4541-B8EB-BAF9445135C8}.Release|Any CPU.Build.0 = Release|Any CPU
	EndGlobalSection
	GlobalSection(SolutionProperties) = preSolution
		HideSolutionNode = FALSE
	EndGlobalSection
	GlobalSection(ExtensibilityGlobals) = postSolution
		SolutionGuid = {66F6BBEB-3D25-4D25-8B93-8944CD183CF6}
	EndGlobalSection
EndGlobal
